
Microsoft Visual Studio Solution File, Format Version 12.00
# Visual Studio Version 17
VisualStudioVersion = 17.0.31423.177
MinimumVisualStudioVersion = 10.0.40219.1
Project("{9A19103F-16F7-4668-BE54-9A1E7A4F7556}") = "BlazorWebAssembly", "BlazorWebAssembly\BlazorWebAssembly.csproj", "{06463873-598E-4CE2-82F7-0D92085AA37A}"
EndProject
Project("{9A19103F-16F7-4668-BE54-9A1E7A4F7556}") = "BlazorWebAssemblyPWA", "BlazorWebAssemblyPWA\BlazorWebAssemblyPWA.csproj", "{2FDE2A9D-91B1-4FE4-9694-B5AF4FDFC47D}"
EndProject
Project("{9A19103F-16F7-4668-BE54-9A1E7A4F7556}") = "BlazorServer", "BlazorServer\BlazorServer.csproj", "{82A00BCF-6B5A-445C-A7C0-6DF2E1663021}"
EndProject
Global
	GlobalSection(SolutionConfigurationPlatforms) = preSolution
		Debug|Any CPU = Debug|Any CPU
		Release|Any CPU = Release|Any CPU
	EndGlobalSection
	GlobalSection(ProjectConfigurationPlatforms) = postSolution
		{06463873-598E-4CE2-82F7-0D92085AA37A}.Debug|Any CPU.ActiveCfg = Debug|Any CPU
		{06463873-598E-4CE2-82F7-0D92085AA37A}.Debug|Any CPU.Build.0 = Debug|Any CPU
		{06463873-598E-4CE2-82F7-0D92085AA37A}.Release|Any CPU.ActiveCfg = Release|Any CPU
		{06463873-598E-4CE2-82F7-0D92085AA37A}.Release|Any CPU.Build.0 = Release|Any CPU
		{2FDE2A9D-91B1-4FE4-9694-B5AF4FDFC47D}.Debug|Any CPU.ActiveCfg = Debug|Any CPU
		{2FDE2A9D-91B1-4FE4-9694-B5AF4FDFC47D}.Debug|Any CPU.Build.0 = Debug|Any CPU
		{2FDE2A9D-91B1-4FE4-9694-B5AF4FDFC47D}.Release|Any CPU.ActiveCfg = Release|Any CPU
		{2FDE2A9D-91B1-4FE4-9694-B5AF4FDFC47D}.Release|Any CPU.Build.0 = Release|Any CPU
		{82A00BCF-6B5A-445C-A7C0-6DF2E1663021}.Debug|Any CPU.ActiveCfg = Debug|Any CPU
		{82A00BCF-6B5A-445C-A7C0-6DF2E1663021}.Debug|Any CPU.Build.0 = Debug|Any CPU
		{82A00BCF-6B5A-445C-A7C0-6DF2E1663021}.Release|Any CPU.ActiveCfg = Release|Any CPU
		{82A00BCF-6B5A-445C-A7C0-6DF2E1663021}.Release|Any CPU.Build.0 = Release|Any CPU
	EndGlobalSection
	GlobalSection(SolutionProperties) = preSolution
		HideSolutionNode = FALSE
	EndGlobalSection
	GlobalSection(ExtensibilityGlobals) = postSolution
		SolutionGuid = {296DA2C3-26B6-417B-8ABF-DA852E53D908}
	EndGlobalSection
EndGlobal
